
Microsoft Visual Studio Solution File, Format Version 12.00
# Visual Studio Version 17
VisualStudioVersion = 17.3.32611.2
MinimumVisualStudioVersion = 10.0.40219.1
Project("{FAE04EC0-301F-11D3-BF4B-00C04F79EFBC}") = "Camera3DAngles", "Camera3DAngles\Camera3DAngles.csproj", "{251168FC-1755-4EFC-BC3D-0E4EFA8760A8}"
EndProject
Global
	GlobalSection(SolutionConfigurationPlatforms) = preSolution
		Debug|Any CPU = Debug|Any CPU
		Release|Any CPU = Release|Any CPU
	EndGlobalSection
	GlobalSection(ProjectConfigurationPlatforms) = postSolution
		{251168FC-1755-4EFC-BC3D-0E4EFA8760A8}.Debug|Any CPU.ActiveCfg = Debug|Any CPU
		{251168FC-1755-4EFC-BC3D-0E4EFA8760A8}.Debug|Any CPU.Build.0 = Debug|Any CPU
		{251168FC-1755-4EFC-BC3D-0E4EFA8760A8}.Release|Any CPU.ActiveCfg = Release|Any CPU
		{251168FC-1755-4EFC-BC3D-0E4EFA8760A8}.Release|Any CPU.Build.0 = Release|Any CPU
	EndGlobalSection
	GlobalSection(SolutionProperties) = preSolution
		HideSolutionNode = FALSE
	EndGlobalSection
	GlobalSection(ExtensibilityGlobals) = postSolution
		SolutionGuid = {9300387D-3756-40DF-8A29-E70CC12F7AC8}
	EndGlobalSection
EndGlobal
